
Microsoft Visual Studio Solution File, Format Version 12.00
# Visual Studio Version 17
VisualStudioVersion = 17.11.35312.102
MinimumVisualStudioVersion = 10.0.40219.1
Project("{FAE04EC0-301F-11D3-BF4B-00C04F79EFBC}") = "Jogo1", "Jogo1\Jogo1.csproj", "{4FC0116C-9987-4790-AC20-2D4E45DE218E}"
EndProject
Global
	GlobalSection(SolutionConfigurationPlatforms) = preSolution
		Debug|Any CPU = Debug|Any CPU
		Release|Any CPU = Release|Any CPU
	EndGlobalSection
	GlobalSection(ProjectConfigurationPlatforms) = postSolution
		{4FC0116C-9987-4790-AC20-2D4E45DE218E}.Debug|Any CPU.ActiveCfg = Debug|Any CPU
		{4FC0116C-9987-4790-AC20-2D4E45DE218E}.Debug|Any CPU.Build.0 = Debug|Any CPU
		{4FC0116C-9987-4790-AC20-2D4E45DE218E}.Release|Any CPU.ActiveCfg = Release|Any CPU
		{4FC0116C-9987-4790-AC20-2D4E45DE218E}.Release|Any CPU.Build.0 = Release|Any CPU
	EndGlobalSection
	GlobalSection(SolutionProperties) = preSolution
		HideSolutionNode = FALSE
	EndGlobalSection
	GlobalSection(ExtensibilityGlobals) = postSolution
		SolutionGuid = {B0182062-76C2-4915-9415-B4B6608A7151}
	EndGlobalSection
EndGlobal
